
Microsoft Visual Studio Solution File, Format Version 12.00
# Visual Studio Version 17
VisualStudioVersion = 17.7.34031.279
MinimumVisualStudioVersion = 10.0.40219.1
Project("{FAE04EC0-301F-11D3-BF4B-00C04F79EFBC}") = "AdapterPattern", "Adapter\AdapterPattern.csproj", "{D20973EA-3E1C-4EDC-9BA6-7C5664851BFC}"
EndProject
Project("{FAE04EC0-301F-11D3-BF4B-00C04F79EFBC}") = "FacadePattern", "Facade\FacadePattern.csproj", "{511B2721-E1C3-4587-B616-CB0E79FC982A}"
EndProject
Global
	GlobalSection(SolutionConfigurationPlatforms) = preSolution
		Debug|Any CPU = Debug|Any CPU
		Release|Any CPU = Release|Any CPU
	EndGlobalSection
	GlobalSection(ProjectConfigurationPlatforms) = postSolution
		{D20973EA-3E1C-4EDC-9BA6-7C5664851BFC}.Debug|Any CPU.ActiveCfg = Debug|Any CPU
		{D20973EA-3E1C-4EDC-9BA6-7C5664851BFC}.Debug|Any CPU.Build.0 = Debug|Any CPU
		{D20973EA-3E1C-4EDC-9BA6-7C5664851BFC}.Release|Any CPU.ActiveCfg = Release|Any CPU
		{D20973EA-3E1C-4EDC-9BA6-7C5664851BFC}.Release|Any CPU.Build.0 = Release|Any CPU
		{511B2721-E1C3-4587-B616-CB0E79FC982A}.Debug|Any CPU.ActiveCfg = Debug|Any CPU
		{511B2721-E1C3-4587-B616-CB0E79FC982A}.Debug|Any CPU.Build.0 = Debug|Any CPU
		{511B2721-E1C3-4587-B616-CB0E79FC982A}.Release|Any CPU.ActiveCfg = Release|Any CPU
		{511B2721-E1C3-4587-B616-CB0E79FC982A}.Release|Any CPU.Build.0 = Release|Any CPU
	EndGlobalSection
	GlobalSection(SolutionProperties) = preSolution
		HideSolutionNode = FALSE
	EndGlobalSection
	GlobalSection(ExtensibilityGlobals) = postSolution
		SolutionGuid = {B17737C6-7C4D-4401-8421-03D2906DD471}
	EndGlobalSection
EndGlobal
